// !$*UTF8*$!
{
	archiveVersion = 1;
	classes = {
	};
	objectVersion = 55;
	objects = {

/* Begin PBXBuildFile section */
		1277EC3327AF852C0077BD95 /* Article.swift in Sources */ = {isa = PBXBuildFile; fileRef = 1277EC3227AF852C0077BD95 /* Article.swift */; };
		1277EC3627AF86210077BD95 /* ArticleService.swift in Sources */ = {isa = PBXBuildFile; fileRef = 1277EC3527AF86210077BD95 /* ArticleService.swift */; };
		1277EC3B27AF9C530077BD95 /* RootViewModel.swift in Sources */ = {isa = PBXBuildFile; fileRef = 1277EC3A27AF9C530077BD95 /* RootViewModel.swift */; };
		1277EC3D27AFA23D0077BD95 /* ArticleViewModel.swift in Sources */ = {isa = PBXBuildFile; fileRef = 1277EC3C27AFA23D0077BD95 /* ArticleViewModel.swift */; };
		1277EC4027AFA9910077BD95 /* ArticleCell.swift in Sources */ = {isa = PBXBuildFile; fileRef = 1277EC3F27AFA9910077BD95 /* ArticleCell.swift */; };
		128B1E2E27AF7FF00089CDCF /* AppDelegate.swift in Sources */ = {isa = PBXBuildFile; fileRef = 128B1E2D27AF7FF00089CDCF /* AppDelegate.swift */; };
		128B1E3027AF7FF00089CDCF /* SceneDelegate.swift in Sources */ = {isa = PBXBuildFile; fileRef = 128B1E2F27AF7FF00089CDCF /* SceneDelegate.swift */; };
		128B1E3727AF7FF20089CDCF /* Assets.xcassets in Resources */ = {isa = PBXBuildFile; fileRef = 128B1E3627AF7FF20089CDCF /* Assets.xcassets */; };
		128B1E3A27AF7FF20089CDCF /* LaunchScreen.storyboard in Resources */ = {isa = PBXBuildFile; fileRef = 128B1E3827AF7FF20089CDCF /* LaunchScreen.storyboard */; };
		128B1E4327AF80470089CDCF /* RootViewController.swift in Sources */ = {isa = PBXBuildFile; fileRef = 128B1E4227AF80470089CDCF /* RootViewController.swift */; };
		128B1E4627AF80800089CDCF /* Coordinator.swift in Sources */ = {isa = PBXBuildFile; fileRef = 128B1E4527AF80800089CDCF /* Coordinator.swift */; };
		5AA8E7E35D4E8A634DB64733 /* Pods_RxSwiftMVVMTutorial.framework in Frameworks */ = {isa = PBXBuildFile; fileRef = C71BA5EAFB16B7F3145572C6 /* Pods_RxSwiftMVVMTutorial.framework */; };
/* End PBXBuildFile section */

/* Begin PBXFileReference section */
		1277EC3227AF852C0077BD95 /* Article.swift */ = {isa = PBXFileReference; lastKnownFileType = sourcecode.swift; path = Article.swift; sourceTree = "<group>"; };
		1277EC3527AF86210077BD95 /* ArticleService.swift */ = {isa = PBXFileReference; lastKnownFileType = sourcecode.swift; path = ArticleService.swift; sourceTree = "<group>"; };
		1277EC3A27AF9C530077BD95 /* RootViewModel.swift */ = {isa = PBXFileReference; lastKnownFileType = sourcecode.swift; path = RootViewModel.swift; sourceTree = "<group>"; };
		1277EC3C27AFA23D0077BD95 /* ArticleViewModel.swift */ = {isa = PBXFileReference; lastKnownFileType = sourcecode.swift; path = ArticleViewModel.swift; sourceTree = "<group>"; };
		1277EC3F27AFA9910077BD95 /* ArticleCell.swift */ = {isa = PBXFileReference; lastKnownFileType = sourcecode.swift; path = ArticleCell.swift; sourceTree = "<group>"; };
		128B1E2A27AF7FF00089CDCF /* RxSwiftMVVMTutorial.app */ = {isa = PBXFileReference; explicitFileType = wrapper.application; includeInIndex = 0; path = RxSwiftMVVMTutorial.app; sourceTree = BUILT_PRODUCTS_DIR; };
		128B1E2D27AF7FF00089CDCF /* AppDelegate.swift */ = {isa = PBXFileReference; lastKnownFileType = sourcecode.swift; path = AppDelegate.swift; sourceTree = "<group>"; };
		128B1E2F27AF7FF00089CDCF /* SceneDelegate.swift */ = {isa = PBXFileReference; lastKnownFileType = sourcecode.swift; path = SceneDelegate.swift; sourceTree = "<group>"; };
		128B1E3627AF7FF20089CDCF /* Assets.xcassets */ = {isa = PBXFileReference; lastKnownFileType = folder.assetcatalog; path = Assets.xcassets; sourceTree = "<group>"; };
		128B1E3927AF7FF20089CDCF /* Base */ = {isa = PBXFileReference; lastKnownFileType = file.storyboard; name = Base; path = Base.lproj/LaunchScreen.storyboard; sourceTree = "<group>"; };
		128B1E3B27AF7FF20089CDCF /* Info.plist */ = {isa = PBXFileReference; lastKnownFileType = text.plist.xml; path = Info.plist; sourceTree = "<group>"; };
		128B1E4227AF80470089CDCF /* RootViewController.swift */ = {isa = PBXFileReference; lastKnownFileType = sourcecode.swift; path = RootViewController.swift; sourceTree = "<group>"; };
		128B1E4527AF80800089CDCF /* Coordinator.swift */ = {isa = PBXFileReference; lastKnownFileType = sourcecode.swift; path = Coordinator.swift; sourceTree = "<group>"; };
		B530DB3FC3449B53C03154D2 /* Pods-RxSwiftMVVMTutorial.debug.xcconfig */ = {isa = PBXFileReference; includeInIndex = 1; lastKnownFileType = text.xcconfig; name = "Pods-RxSwiftMVVMTutorial.debug.xcconfig"; path = "Target Support Files/Pods-RxSwiftMVVMTutorial/Pods-RxSwiftMVVMTutorial.debug.xcconfig"; sourceTree = "<group>"; };
		C71BA5EAFB16B7F3145572C6 /* Pods_RxSwiftMVVMTutorial.framework */ = {isa = PBXFileReference; explicitFileType = wrapper.framework; includeInIndex = 0; path = Pods_RxSwiftMVVMTutorial.framework; sourceTree = BUILT_PRODUCTS_DIR; };
		CBE2C7170EAA78CB8144B549 /* Pods-RxSwiftMVVMTutorial.release.xcconfig */ = {isa = PBXFileReference; includeInIndex = 1; lastKnownFileType = text.xcconfig; name = "Pods-RxSwiftMVVMTutorial.release.xcconfig"; path = "Target Support Files/Pods-RxSwiftMVVMTutorial/Pods-RxSwiftMVVMTutorial.release.xcconfig"; sourceTree = "<group>"; };
/* End PBXFileReference section */

/* Begin PBXFrameworksBuildPhase section */
		128B1E2727AF7FF00089CDCF /* Frameworks */ = {
			isa = PBXFrameworksBuildPhase;
			buildActionMask = 2147483647;
			files = (
				5AA8E7E35D4E8A634DB64733 /* Pods_RxSwiftMVVMTutorial.framework in Frameworks */,
			);
			runOnlyForDeploymentPostprocessing = 0;
		};
/* End PBXFrameworksBuildPhase section */

/* Begin PBXGroup section */
		1277EC3127AF85140077BD95 /* Model */ = {
			isa = PBXGroup;
			children = (
				1277EC3227AF852C0077BD95 /* Article.swift */,
			);
			path = Model;
			sourceTree = "<group>";
		};
		1277EC3427AF86160077BD95 /* Service */ = {
			isa = PBXGroup;
			children = (
				1277EC3527AF86210077BD95 /* ArticleService.swift */,
			);
			path = Service;
			sourceTree = "<group>";
		};
		1277EC3927AF93180077BD95 /* ViewModel */ = {
			isa = PBXGroup;
			children = (
				1277EC3A27AF9C530077BD95 /* RootViewModel.swift */,
				1277EC3C27AFA23D0077BD95 /* ArticleViewModel.swift */,
			);
			path = ViewModel;
			sourceTree = "<group>";
		};
		1277EC3E27AFA9850077BD95 /* View */ = {
			isa = PBXGroup;
			children = (
				1277EC3F27AFA9910077BD95 /* ArticleCell.swift */,
			);
			path = View;
			sourceTree = "<group>";
		};
		128B1E2127AF7FF00089CDCF = {
			isa = PBXGroup;
			children = (
				128B1E2C27AF7FF00089CDCF /* RxSwiftMVVMTutorial */,
				128B1E2B27AF7FF00089CDCF /* Products */,
				344541F0BE74A5D90AEBC1A2 /* Pods */,
				BEE765B1806290DA981DE5BC /* Frameworks */,
			);
			sourceTree = "<group>";
		};
		128B1E2B27AF7FF00089CDCF /* Products */ = {
			isa = PBXGroup;
			children = (
				128B1E2A27AF7FF00089CDCF /* RxSwiftMVVMTutorial.app */,
			);
			name = Products;
			sourceTree = "<group>";
		};
		128B1E2C27AF7FF00089CDCF /* RxSwiftMVVMTutorial */ = {
			isa = PBXGroup;
			children = (
				1277EC3427AF86160077BD95 /* Service */,
				1277EC3127AF85140077BD95 /* Model */,
				1277EC3E27AFA9850077BD95 /* View */,
				1277EC3927AF93180077BD95 /* ViewModel */,
				128B1E4127AF803B0089CDCF /* Controllers */,
				128B1E4427AF80760089CDCF /* Coordinator */,
				128B1E2D27AF7FF00089CDCF /* AppDelegate.swift */,
				128B1E2F27AF7FF00089CDCF /* SceneDelegate.swift */,
				128B1E3627AF7FF20089CDCF /* Assets.xcassets */,
				128B1E3827AF7FF20089CDCF /* LaunchScreen.storyboard */,
				128B1E3B27AF7FF20089CDCF /* Info.plist */,
			);
			path = RxSwiftMVVMTutorial;
			sourceTree = "<group>";
		};
		128B1E4127AF803B0089CDCF /* Controllers */ = {
			isa = PBXGroup;
			children = (
				128B1E4227AF80470089CDCF /* RootViewController.swift */,
			);
			path = Controllers;
			sourceTree = "<group>";
		};
		128B1E4427AF80760089CDCF /* Coordinator */ = {
			isa = PBXGroup;
			children = (
				128B1E4527AF80800089CDCF /* Coordinator.swift */,
			);
			path = Coordinator;
			sourceTree = "<group>";
		};
		344541F0BE74A5D90AEBC1A2 /* Pods */ = {
			isa = PBXGroup;
			children = (
				B530DB3FC3449B53C03154D2 /* Pods-RxSwiftMVVMTutorial.debug.xcconfig */,
				CBE2C7170EAA78CB8144B549 /* Pods-RxSwiftMVVMTutorial.release.xcconfig */,
			);
			path = Pods;
			sourceTree = "<group>";
		};
		BEE765B1806290DA981DE5BC /* Frameworks */ = {
			isa = PBXGroup;
			children = (
				C71BA5EAFB16B7F3145572C6 /* Pods_RxSwiftMVVMTutorial.framework */,
			);
			name = Frameworks;
			sourceTree = "<group>";
		};
/* End PBXGroup section */

/* Begin PBXNativeTarget section */
		128B1E2927AF7FF00089CDCF /* RxSwiftMVVMTutorial */ = {
			isa = PBXNativeTarget;
			buildConfigurationList = 128B1E3E27AF7FF20089CDCF /* Build configuration list for PBXNativeTarget "RxSwiftMVVMTutorial" */;
			buildPhases = (
				7AA0BA4CA0A5E2550FE94258 /* [CP] Check Pods Manifest.lock */,
				128B1E2627AF7FF00089CDCF /* Sources */,
				128B1E2727AF7FF00089CDCF /* Frameworks */,
				128B1E2827AF7FF00089CDCF /* Resources */,
				7C95AC5BB15DEC3F9EF8FAC1 /* [CP] Embed Pods Frameworks */,
			);
			buildRules = (
			);
			dependencies = (
			);
			name = RxSwiftMVVMTutorial;
			productName = RxSwiftMVVMTutorial;
			productReference = 128B1E2A27AF7FF00089CDCF /* RxSwiftMVVMTutorial.app */;
			productType = "com.apple.product-type.application";
		};
/* End PBXNativeTarget section */

/* Begin PBXProject section */
		128B1E2227AF7FF00089CDCF /* Project object */ = {
			isa = PBXProject;
			attributes = {
				BuildIndependentTargetsInParallel = 1;
				LastSwiftUpdateCheck = 1320;
				LastUpgradeCheck = 1320;
				TargetAttributes = {
					128B1E2927AF7FF00089CDCF = {
						CreatedOnToolsVersion = 13.2.1;
					};
				};
			};
			buildConfigurationList = 128B1E2527AF7FF00089CDCF /* Build configuration list for PBXProject "RxSwiftMVVMTutorial" */;
			compatibilityVersion = "Xcode 13.0";
			developmentRegion = en;
			hasScannedForEncodings = 0;
			knownRegions = (
				en,
				Base,
			);
			mainGroup = 128B1E2127AF7FF00089CDCF;
			productRefGroup = 128B1E2B27AF7FF00089CDCF /* Products */;
			projectDirPath = "";
			projectRoot = "";
			targets = (
				128B1E2927AF7FF00089CDCF /* RxSwiftMVVMTutorial */,
			);
		};
/* End PBXProject section */

/* Begin PBXResourcesBuildPhase section */
		128B1E2827AF7FF00089CDCF /* Resources */ = {
			isa = PBXResourcesBuildPhase;
			buildActionMask = 2147483647;
			files = (
				128B1E3A27AF7FF20089CDCF /* LaunchScreen.storyboard in Resources */,
				128B1E3727AF7FF20089CDCF /* Assets.xcassets in Resources */,
			);
			runOnlyForDeploymentPostprocessing = 0;
		};
/* End PBXResourcesBuildPhase section */

/* Begin PBXShellScriptBuildPhase section */
		7AA0BA4CA0A5E2550FE94258 /* [CP] Check Pods Manifest.lock */ = {
			isa = PBXShellScriptBuildPhase;
			buildActionMask = 2147483647;
			files = (
			);
			inputFileListPaths = (
			);
			inputPaths = (
				"${PODS_PODFILE_DIR_PATH}/Podfile.lock",
				"${PODS_ROOT}/Manifest.lock",
			);
			name = "[CP] Check Pods Manifest.lock";
			outputFileListPaths = (
			);
			outputPaths = (
				"$(DERIVED_FILE_DIR)/Pods-RxSwiftMVVMTutorial-checkManifestLockResult.txt",
			);
			runOnlyForDeploymentPostprocessing = 0;
			shellPath = /bin/sh;
			shellScript = "diff \"${PODS_PODFILE_DIR_PATH}/Podfile.lock\" \"${PODS_ROOT}/Manifest.lock\" > /dev/null\nif [ $? != 0 ] ; then\n    # print error to STDERR\n    echo \"error: The sandbox is not in sync with the Podfile.lock. Run 'pod install' or update your CocoaPods installation.\" >&2\n    exit 1\nfi\n# This output is used by Xcode 'outputs' to avoid re-running this script phase.\necho \"SUCCESS\" > \"${SCRIPT_OUTPUT_FILE_0}\"\n";
			showEnvVarsInLog = 0;
		};
		7C95AC5BB15DEC3F9EF8FAC1 /* [CP] Embed Pods Frameworks */ = {
			isa = PBXShellScriptBuildPhase;
			buildActionMask = 2147483647;
			files = (
			);
			inputFileListPaths = (
				"${PODS_ROOT}/Target Support Files/Pods-RxSwiftMVVMTutorial/Pods-RxSwiftMVVMTutorial-frameworks-${CONFIGURATION}-input-files.xcfilelist",
			);
			name = "[CP] Embed Pods Frameworks";
			outputFileListPaths = (
				"${PODS_ROOT}/Target Support Files/Pods-RxSwiftMVVMTutorial/Pods-RxSwiftMVVMTutorial-frameworks-${CONFIGURATION}-output-files.xcfilelist",
			);
			runOnlyForDeploymentPostprocessing = 0;
			shellPath = /bin/sh;
			shellScript = "\"${PODS_ROOT}/Target Support Files/Pods-RxSwiftMVVMTutorial/Pods-RxSwiftMVVMTutorial-frameworks.sh\"\n";
			showEnvVarsInLog = 0;
		};
/* End PBXShellScriptBuildPhase section */

/* Begin PBXSourcesBuildPhase section */
		128B1E2627AF7FF00089CDCF /* Sources */ = {
			isa = PBXSourcesBuildPhase;
			buildActionMask = 2147483647;
			files = (
				128B1E4627AF80800089CDCF /* Coordinator.swift in Sources */,
				1277EC3D27AFA23D0077BD95 /* ArticleViewModel.swift in Sources */,
				1277EC3B27AF9C530077BD95 /* RootViewModel.swift in Sources */,
				128B1E2E27AF7FF00089CDCF /* AppDelegate.swift in Sources */,
				1277EC3627AF86210077BD95 /* ArticleService.swift in Sources */,
				1277EC4027AFA9910077BD95 /* ArticleCell.swift in Sources */,
				128B1E3027AF7FF00089CDCF /* SceneDelegate.swift in Sources */,
				128B1E4327AF80470089CDCF /* RootViewController.swift in Sources */,
				1277EC3327AF852C0077BD95 /* Article.swift in Sources */,
			);
			runOnlyForDeploymentPostprocessing = 0;
		};
/* End PBXSourcesBuildPhase section */

/* Begin PBXVariantGroup section */
		128B1E3827AF7FF20089CDCF /* LaunchScreen.storyboard */ = {
			isa = PBXVariantGroup;
			children = (
				128B1E3927AF7FF20089CDCF /* Base */,
			);
			name = LaunchScreen.storyboard;
			sourceTree = "<group>";
		};
/* End PBXVariantGroup section */

/* Begin XCBuildConfiguration section */
		128B1E3C27AF7FF20089CDCF /* Debug */ = {
			isa = XCBuildConfiguration;
			buildSettings = {
				ALWAYS_SEARCH_USER_PATHS = NO;
				CLANG_ANALYZER_NONNULL = YES;
				CLANG_ANALYZER_NUMBER_OBJECT_CONVERSION = YES_AGGRESSIVE;
				CLANG_CXX_LANGUAGE_STANDARD = "gnu++17";
				CLANG_CXX_LIBRARY = "libc++";
				CLANG_ENABLE_MODULES = YES;
				CLANG_ENABLE_OBJC_ARC = YES;
				CLANG_ENABLE_OBJC_WEAK = YES;
				CLANG_WARN_BLOCK_CAPTURE_AUTORELEASING = YES;
				CLANG_WARN_BOOL_CONVERSION = YES;
				CLANG_WARN_COMMA = YES;
				CLANG_WARN_CONSTANT_CONVERSION = YES;
				CLANG_WARN_DEPRECATED_OBJC_IMPLEMENTATIONS = YES;
				CLANG_WARN_DIRECT_OBJC_ISA_USAGE = YES_ERROR;
				CLANG_WARN_DOCUMENTATION_COMMENTS = YES;
				CLANG_WARN_EMPTY_BODY = YES;
				CLANG_WARN_ENUM_CONVERSION = YES;
				CLANG_WARN_INFINITE_RECURSION = YES;
				CLANG_WARN_INT_CONVERSION = YES;
				CLANG_WARN_NON_LITERAL_NULL_CONVERSION = YES;
				CLANG_WARN_OBJC_IMPLICIT_RETAIN_SELF = YES;
				CLANG_WARN_OBJC_LITERAL_CONVERSION = YES;
				CLANG_WARN_OBJC_ROOT_CLASS = YES_ERROR;
				CLANG_WARN_QUOTED_INCLUDE_IN_FRAMEWORK_HEADER = YES;
				CLANG_WARN_RANGE_LOOP_ANALYSIS = YES;
				CLANG_WARN_STRICT_PROTOTYPES = YES;
				CLANG_WARN_SUSPICIOUS_MOVE = YES;
				CLANG_WARN_UNGUARDED_AVAILABILITY = YES_AGGRESSIVE;
				CLANG_WARN_UNREACHABLE_CODE = YES;
				CLANG_WARN__DUPLICATE_METHOD_MATCH = YES;
				COPY_PHASE_STRIP = NO;
				DEBUG_INFORMATION_FORMAT = dwarf;
				ENABLE_STRICT_OBJC_MSGSEND = YES;
				ENABLE_TESTABILITY = YES;
				GCC_C_LANGUAGE_STANDARD = gnu11;
				GCC_DYNAMIC_NO_PIC = NO;
				GCC_NO_COMMON_BLOCKS = YES;
				GCC_OPTIMIZATION_LEVEL = 0;
				GCC_PREPROCESSOR_DEFINITIONS = (
					"DEBUG=1",
					"$(inherited)",
				);
				GCC_WARN_64_TO_32_BIT_CONVERSION = YES;
				GCC_WARN_ABOUT_RETURN_TYPE = YES_ERROR;
				GCC_WARN_UNDECLARED_SELECTOR = YES;
				GCC_WARN_UNINITIALIZED_AUTOS = YES_AGGRESSIVE;
				GCC_WARN_UNUSED_FUNCTION = YES;
				GCC_WARN_UNUSED_VARIABLE = YES;
				IPHONEOS_DEPLOYMENT_TARGET = 13.0;
				MTL_ENABLE_DEBUG_INFO = INCLUDE_SOURCE;
				MTL_FAST_MATH = YES;
				ONLY_ACTIVE_ARCH = YES;
				SDKROOT = iphoneos;
				SWIFT_ACTIVE_COMPILATION_CONDITIONS = DEBUG;
				SWIFT_OPTIMIZATION_LEVEL = "-Onone";
			};
			name = Debug;
		};
		128B1E3D27AF7FF20089CDCF /* Release */ = {
			isa = XCBuildConfiguration;
			buildSettings = {
				ALWAYS_SEARCH_USER_PATHS = NO;
				CLANG_ANALYZER_NONNULL = YES;
				CLANG_ANALYZER_NUMBER_OBJECT_CONVERSION = YES_AGGRESSIVE;
				CLANG_CXX_LANGUAGE_STANDARD = "gnu++17";
				CLANG_CXX_LIBRARY = "libc++";
				CLANG_ENABLE_MODULES = YES;
				CLANG_ENABLE_OBJC_ARC = YES;
				CLANG_ENABLE_OBJC_WEAK = YES;
				CLANG_WARN_BLOCK_CAPTURE_AUTORELEASING = YES;
				CLANG_WARN_BOOL_CONVERSION = YES;
				CLANG_WARN_COMMA = YES;
				CLANG_WARN_CONSTANT_CONVERSION = YES;
				CLANG_WARN_DEPRECATED_OBJC_IMPLEMENTATIONS = YES;
				CLANG_WARN_DIRECT_OBJC_ISA_USAGE = YES_ERROR;
				CLANG_WARN_DOCUMENTATION_COMMENTS = YES;
				CLANG_WARN_EMPTY_BODY = YES;
				CLANG_WARN_ENUM_CONVERSION = YES;
				CLANG_WARN_INFINITE_RECURSION = YES;
				CLANG_WARN_INT_CONVERSION = YES;
				CLANG_WARN_NON_LITERAL_NULL_CONVERSION = YES;
				CLANG_WARN_OBJC_IMPLICIT_RETAIN_SELF = YES;
				CLANG_WARN_OBJC_LITERAL_CONVERSION = YES;
				CLANG_WARN_OBJC_ROOT_CLASS = YES_ERROR;
				CLANG_WARN_QUOTED_INCLUDE_IN_FRAMEWORK_HEADER = YES;
				CLANG_WARN_RANGE_LOOP_ANALYSIS = YES;
				CLANG_WARN_STRICT_PROTOTYPES = YES;
				CLANG_WARN_SUSPICIOUS_MOVE = YES;
				CLANG_WARN_UNGUARDED_AVAILABILITY = YES_AGGRESSIVE;
				CLANG_WARN_UNREACHABLE_CODE = YES;
				CLANG_WARN__DUPLICATE_METHOD_MATCH = YES;
				COPY_PHASE_STRIP = NO;
				DEBUG_INFORMATION_FORMAT = "dwarf-with-dsym";
				ENABLE_NS_ASSERTIONS = NO;
				ENABLE_STRICT_OBJC_MSGSEND = YES;
				GCC_C_LANGUAGE_STANDARD = gnu11;
				GCC_NO_COMMON_BLOCKS = YES;
				GCC_WARN_64_TO_32_BIT_CONVERSION = YES;
				GCC_WARN_ABOUT_RETURN_TYPE = YES_ERROR;
				GCC_WARN_UNDECLARED_SELECTOR = YES;
				GCC_WARN_UNINITIALIZED_AUTOS = YES_AGGRESSIVE;
				GCC_WARN_UNUSED_FUNCTION = YES;
				GCC_WARN_UNUSED_VARIABLE = YES;
				IPHONEOS_DEPLOYMENT_TARGET = 13.0;
				MTL_ENABLE_DEBUG_INFO = NO;
				MTL_FAST_MATH = YES;
				SDKROOT = iphoneos;
				SWIFT_COMPILATION_MODE = wholemodule;
				SWIFT_OPTIMIZATION_LEVEL = "-O";
				VALIDATE_PRODUCT = YES;
			};
			name = Release;
		};
		128B1E3F27AF7FF20089CDCF /* Debug */ = {
			isa = XCBuildConfiguration;
			baseConfigurationReference = B530DB3FC3449B53C03154D2 /* Pods-RxSwiftMVVMTutorial.debug.xcconfig */;
			buildSettings = {
				ASSETCATALOG_COMPILER_APPICON_NAME = AppIcon;
				ASSETCATALOG_COMPILER_GLOBAL_ACCENT_COLOR_NAME = AccentColor;
				CODE_SIGN_STYLE = Automatic;
				CURRENT_PROJECT_VERSION = 1;
				DEVELOPMENT_TEAM = 23JY2CM997;
				GENERATE_INFOPLIST_FILE = YES;
				INFOPLIST_FILE = RxSwiftMVVMTutorial/Info.plist;
				INFOPLIST_KEY_UIApplicationSupportsIndirectInputEvents = YES;
				INFOPLIST_KEY_UILaunchStoryboardName = LaunchScreen;
				INFOPLIST_KEY_UISupportedInterfaceOrientations_iPad = "UIInterfaceOrientationPortrait UIInterfaceOrientationPortraitUpsideDown UIInterfaceOrientationLandscapeLeft UIInterfaceOrientationLandscapeRight";
				INFOPLIST_KEY_UISupportedInterfaceOrientations_iPhone = "UIInterfaceOrientationPortrait UIInterfaceOrientationLandscapeLeft UIInterfaceOrientationLandscapeRight";
				LD_RUNPATH_SEARCH_PATHS = (
					"$(inherited)",
					"@executable_path/Frameworks",
				);
				MARKETING_VERSION = 1.0;
				PRODUCT_BUNDLE_IDENTIFIER = com.junho.RxSwiftMVVMTutorial;
				PRODUCT_NAME = "$(TARGET_NAME)";
				SWIFT_EMIT_LOC_STRINGS = YES;
				SWIFT_VERSION = 5.0;
				TARGETED_DEVICE_FAMILY = 1;
			};
			name = Debug;
		};
		128B1E4027AF7FF20089CDCF /* Release */ = {
			isa = XCBuildConfiguration;
			baseConfigurationReference = CBE2C7170EAA78CB8144B549 /* Pods-RxSwiftMVVMTutorial.release.xcconfig */;
			buildSettings = {
				ASSETCATALOG_COMPILER_APPICON_NAME = AppIcon;
				ASSETCATALOG_COMPILER_GLOBAL_ACCENT_COLOR_NAME = AccentColor;
				CODE_SIGN_STYLE = Automatic;
				CURRENT_PROJECT_VERSION = 1;
				DEVELOPMENT_TEAM = 23JY2CM997;
				GENERATE_INFOPLIST_FILE = YES;
				INFOPLIST_FILE = RxSwiftMVVMTutorial/Info.plist;
				INFOPLIST_KEY_UIApplicationSupportsIndirectInputEvents = YES;
				INFOPLIST_KEY_UILaunchStoryboardName = LaunchScreen;
				INFOPLIST_KEY_UISupportedInterfaceOrientations_iPad = "UIInterfaceOrientationPortrait UIInterfaceOrientationPortraitUpsideDown UIInterfaceOrientationLandscapeLeft UIInterfaceOrientationLandscapeRight";
				INFOPLIST_KEY_UISupportedInterfaceOrientations_iPhone = "UIInterfaceOrientationPortrait UIInterfaceOrientationLandscapeLeft UIInterfaceOrientationLandscapeRight";
				LD_RUNPATH_SEARCH_PATHS = (
					"$(inherited)",
					"@executable_path/Frameworks",
				);
				MARKETING_VERSION = 1.0;
				PRODUCT_BUNDLE_IDENTIFIER = com.junho.RxSwiftMVVMTutorial;
				PRODUCT_NAME = "$(TARGET_NAME)";
				SWIFT_EMIT_LOC_STRINGS = YES;
				SWIFT_VERSION = 5.0;
				TARGETED_DEVICE_FAMILY = 1;
			};
			name = Release;
		};
/* End XCBuildConfiguration section */

/* Begin XCConfigurationList section */
		128B1E2527AF7FF00089CDCF /* Build configuration list for PBXProject "RxSwiftMVVMTutorial" */ = {
			isa = XCConfigurationList;
			buildConfigurations = (
				128B1E3C27AF7FF20089CDCF /* Debug */,
				128B1E3D27AF7FF20089CDCF /* Release */,
			);
			defaultConfigurationIsVisible = 0;
			defaultConfigurationName = Release;
		};
		128B1E3E27AF7FF20089CDCF /* Build configuration list for PBXNativeTarget "RxSwiftMVVMTutorial" */ = {
			isa = XCConfigurationList;
			buildConfigurations = (
				128B1E3F27AF7FF20089CDCF /* Debug */,
				128B1E4027AF7FF20089CDCF /* Release */,
			);
			defaultConfigurationIsVisible = 0;
			defaultConfigurationName = Release;
		};
/* End XCConfigurationList section */
	};
	rootObject = 128B1E2227AF7FF00089CDCF /* Project object */;
}
